
Microsoft Visual Studio Solution File, Format Version 12.00
# Visual Studio 15
Project("{FAE04EC0-301F-11D3-BF4B-00C04F79EFBC}") = "Assembly-CSharp", "Assembly-CSharp.csproj", "{F477050A-E908-9249-B195-DCDCB50AC5CC}"
EndProject
Project("{FAE04EC0-301F-11D3-BF4B-00C04F79EFBC}") = "XNodeEditor", "XNodeEditor.csproj", "{968712EB-3E6A-CF22-2F7E-AE2E613A5F50}"
EndProject
Project("{FAE04EC0-301F-11D3-BF4B-00C04F79EFBC}") = "Assembly-CSharp-firstpass", "Assembly-CSharp-firstpass.csproj", "{3881AD0B-6B0C-C452-DE84-C99BE3C5FA00}"
EndProject
Project("{FAE04EC0-301F-11D3-BF4B-00C04F79EFBC}") = "XNode", "XNode.csproj", "{31EB3533-C1AC-DBED-78CE-7EC4C4B23360}"
EndProject
Project("{FAE04EC0-301F-11D3-BF4B-00C04F79EFBC}") = "Assembly-CSharp-Editor", "Assembly-CSharp-Editor.csproj", "{A4DA1400-5B69-5045-841B-C08FD4231DAD}"
EndProject
Global
	GlobalSection(SolutionConfigurationPlatforms) = preSolution
		Debug|Any CPU = Debug|Any CPU
		Release|Any CPU = Release|Any CPU
	EndGlobalSection
	GlobalSection(ProjectConfigurationPlatforms) = postSolution
		{F477050A-E908-9249-B195-DCDCB50AC5CC}.Debug|Any CPU.ActiveCfg = Debug|Any CPU
		{F477050A-E908-9249-B195-DCDCB50AC5CC}.Debug|Any CPU.Build.0 = Debug|Any CPU
		{F477050A-E908-9249-B195-DCDCB50AC5CC}.Release|Any CPU.ActiveCfg = Release|Any CPU
		{F477050A-E908-9249-B195-DCDCB50AC5CC}.Release|Any CPU.Build.0 = Release|Any CPU
		{968712EB-3E6A-CF22-2F7E-AE2E613A5F50}.Debug|Any CPU.ActiveCfg = Debug|Any CPU
		{968712EB-3E6A-CF22-2F7E-AE2E613A5F50}.Debug|Any CPU.Build.0 = Debug|Any CPU
		{968712EB-3E6A-CF22-2F7E-AE2E613A5F50}.Release|Any CPU.ActiveCfg = Release|Any CPU
		{968712EB-3E6A-CF22-2F7E-AE2E613A5F50}.Release|Any CPU.Build.0 = Release|Any CPU
		{3881AD0B-6B0C-C452-DE84-C99BE3C5FA00}.Debug|Any CPU.ActiveCfg = Debug|Any CPU
		{3881AD0B-6B0C-C452-DE84-C99BE3C5FA00}.Debug|Any CPU.Build.0 = Debug|Any CPU
		{3881AD0B-6B0C-C452-DE84-C99BE3C5FA00}.Release|Any CPU.ActiveCfg = Release|Any CPU
		{3881AD0B-6B0C-C452-DE84-C99BE3C5FA00}.Release|Any CPU.Build.0 = Release|Any CPU
		{31EB3533-C1AC-DBED-78CE-7EC4C4B23360}.Debug|Any CPU.ActiveCfg = Debug|Any CPU
		{31EB3533-C1AC-DBED-78CE-7EC4C4B23360}.Debug|Any CPU.Build.0 = Debug|Any CPU
		{31EB3533-C1AC-DBED-78CE-7EC4C4B23360}.Release|Any CPU.ActiveCfg = Release|Any CPU
		{31EB3533-C1AC-DBED-78CE-7EC4C4B23360}.Release|Any CPU.Build.0 = Release|Any CPU
		{A4DA1400-5B69-5045-841B-C08FD4231DAD}.Debug|Any CPU.ActiveCfg = Debug|Any CPU
		{A4DA1400-5B69-5045-841B-C08FD4231DAD}.Debug|Any CPU.Build.0 = Debug|Any CPU
		{A4DA1400-5B69-5045-841B-C08FD4231DAD}.Release|Any CPU.ActiveCfg = Release|Any CPU
		{A4DA1400-5B69-5045-841B-C08FD4231DAD}.Release|Any CPU.Build.0 = Release|Any CPU
	EndGlobalSection
	GlobalSection(SolutionProperties) = preSolution
		HideSolutionNode = FALSE
	EndGlobalSection
EndGlobal
